{
  "name": "hitc-oauth1-script-tutorial",
  "version": "1.0.0",
  "lockfileVersion": 3,
  "requires": true,
  "packages": {
    "": {
      "name": "hitc-oauth1-script-tutorial",
      "version": "1.0.0",
      "devDependencies": {
        "@hitc/netsuite-types": "^2024.1.3",
        "typescript": "^5.4.5"
      }
    },
    "node_modules/@hitc/netsuite-types": {
      "version": "2024.1.3",
      "resolved": "https://registry.npmjs.org/@hitc/netsuite-types/-/netsuite-types-2024.1.3.tgz",
      "integrity": "sha512-Uegb+rOZlbuWBHvihtZlv2UvuScXWBxzkFmTK9PZw99uHErmczr+2VFws7UTp88+eKxzsMcO4CrqH8o/qbh7Yw==",
      "dev": true
    },
    "node_modules/typescript": {
      "version": "5.4.5",
      "resolved": "https://registry.npmjs.org/typescript/-/typescript-5.4.5.tgz",
      "integrity": "sha512-vcI4UpRgg81oIRUFwR0WSIHKt11nJ7SAVlYNIu+QpqeyXP+gpQJy/Z4+F0aGxSE4MqwjyXvW/TzgkLAx2AGHwQ==",
      "dev": true,
      "bin": {
        "tsc": "bin/tsc",
        "tsserver": "bin/tsserver"
      },
      "engines": {
        "node": ">=14.17"
      }
    }
  }
}
